
Microsoft Visual Studio Solution File, Format Version 12.00
# Visual Studio Version 17
VisualStudioVersion = 17.2.32516.85
MinimumVisualStudioVersion = 10.0.40219.1
Project("{FAE04EC0-301F-11D3-BF4B-00C04F79EFBC}") = "FigureCalculator", "FigureCalculator\FigureCalculator.csproj", "{165CA7DB-898B-466F-B64D-5AF9AC227D5B}"
EndProject
Global
	GlobalSection(SolutionConfigurationPlatforms) = preSolution
		Debug|Any CPU = Debug|Any CPU
		Release|Any CPU = Release|Any CPU
	EndGlobalSection
	GlobalSection(ProjectConfigurationPlatforms) = postSolution
		{165CA7DB-898B-466F-B64D-5AF9AC227D5B}.Debug|Any CPU.ActiveCfg = Debug|Any CPU
		{165CA7DB-898B-466F-B64D-5AF9AC227D5B}.Debug|Any CPU.Build.0 = Debug|Any CPU
		{165CA7DB-898B-466F-B64D-5AF9AC227D5B}.Release|Any CPU.ActiveCfg = Release|Any CPU
		{165CA7DB-898B-466F-B64D-5AF9AC227D5B}.Release|Any CPU.Build.0 = Release|Any CPU
	EndGlobalSection
	GlobalSection(SolutionProperties) = preSolution
		HideSolutionNode = FALSE
	EndGlobalSection
	GlobalSection(ExtensibilityGlobals) = postSolution
		SolutionGuid = {DE298E4D-3F85-46FC-B59D-217F551DE6A5}
	EndGlobalSection
EndGlobal
